github.com/hal-hive/gohugo-theme-ananke v0.0.0-20221031111735-fcdf061599e2 h1:2J1Qzy1yoKsULwVlFsMOoUj/two6e3p7QHC+cZx0xMQ=
github.com/hal-hive/gohugo-theme-ananke v0.0.0-20221031111735-fcdf061599e2/go.mod h1:s/XsBPZJNup2mKNpn3Q2sNeMsyAfhJ57VJp0gXYEShU=
gitlab.com/rs-site/rs-theme v0.0.0-20221129171134-4e98a5846906 h1:xGHJOXoRa+BF9LI3DD3ls1LS/shWd95mY+sukLJg250=
gitlab.com/rs-site/rs-theme v0.0.0-20221129171134-4e98a5846906/go.mod h1:pLYPDNjBwmcQTRwelnVsmQd8SpJslipc/LiMWLzuqz0=
gitlab.com/rs-site/rs-theme v0.0.0-20221227112933-29c6fd5aa034 h1:rKMlbiYNf4MqsfSCenH2aRCvJ6apd1ZePJ6GZnI6Zlk=
gitlab.com/rs-site/rs-theme v0.0.0-20221227112933-29c6fd5aa034/go.mod h1:pLYPDNjBwmcQTRwelnVsmQd8SpJslipc/LiMWLzuqz0=
gitlab.com/rs-site/rs-theme v0.0.0-20221230122418-20e19a6b72d5 h1:3y1PCgGM3DZdGWhMu0LfJrwdyA1Mcu8V33/4OGHdub0=
gitlab.com/rs-site/rs-theme v0.0.0-20221230122418-20e19a6b72d5/go.mod h1:pLYPDNjBwmcQTRwelnVsmQd8SpJslipc/LiMWLzuqz0=
gitlab.com/rs-site/rs-theme v0.0.0-20230105140804-939f21c8496b h1:SbAbuXUI3CiqP9iVd2ITHFPwLA8rjCYyRNOu3x7ouAE=
gitlab.com/rs-site/rs-theme v0.0.0-20230105140804-939f21c8496b/go.mod h1:pLYPDNjBwmcQTRwelnVsmQd8SpJslipc/LiMWLzuqz0=
gitlab.com/rs-site/rs-theme v0.0.0-20230109154303-b3817d34b683 h1:gFzKceJ/zwB17dWxHQ2O+JvMJLjySLArE604SA3CMOs=
gitlab.com/rs-site/rs-theme v0.0.0-20230109154303-b3817d34b683/go.mod h1:pLYPDNjBwmcQTRwelnVsmQd8SpJslipc/LiMWLzuqz0=
gitlab.com/rs-site/rs-theme v0.0.0-20230110113201-567adf227d13 h1:jpDRHQnFilOcrz4oow2HDQfKuQKY6eGM9cQnfXNm/jE=
gitlab.com/rs-site/rs-theme v0.0.0-20230110113201-567adf227d13/go.mod h1:pLYPDNjBwmcQTRwelnVsmQd8SpJslipc/LiMWLzuqz0=
gitlab.com/rs-site/rs-theme v0.0.0-20230112100706-85aa088e92ae h1:SulsCJltbQXywfOkj2kt8Xm2TTDgCP681NQVuGZT0iY=
gitlab.com/rs-site/rs-theme v0.0.0-20230112100706-85aa088e92ae/go.mod h1:pLYPDNjBwmcQTRwelnVsmQd8SpJslipc/LiMWLzuqz0=
gitlab.com/rs-site/rs-theme v0.1.0 h1:dx61Xl//FOLdLAQlibJbcJtQXh/5GM763d+0Wvlmdzs=
gitlab.com/rs-site/rs-theme v0.1.0 h1:dx61Xl//FOLdLAQlibJbcJtQXh/5GM763d+0Wvlmdzs=
gitlab.com/rs-site/rs-theme v0.1.0/go.mod h1:pLYPDNjBwmcQTRwelnVsmQd8SpJslipc/LiMWLzuqz0=
gitlab.com/rs-site/rs-theme v0.1.0/go.mod h1:pLYPDNjBwmcQTRwelnVsmQd8SpJslipc/LiMWLzuqz0=
